// !$*UTF8*$!
{
	archiveVersion = 1;
	classes = {
	};
	objectVersion = 48;
	objects = {

/* Begin PBXBuildFile section */
		956B574D2043D8A600024CBB /* AppDelegate.swift in Sources */ = {isa = PBXBuildFile; fileRef = 956B574C2043D8A600024CBB /* AppDelegate.swift */; };
		956B574F2043D8A600024CBB /* ViewController.swift in Sources */ = {isa = PBXBuildFile; fileRef = 956B574E2043D8A600024CBB /* ViewController.swift */; };
		956B57522043D8A600024CBB /* Main.storyboard in Resources */ = {isa = PBXBuildFile; fileRef = 956B57502043D8A600024CBB /* Main.storyboard */; };
		956B57542043D8A600024CBB /* Assets.xcassets in Resources */ = {isa = PBXBuildFile; fileRef = 956B57532043D8A600024CBB /* Assets.xcassets */; };
		956B57572043D8A600024CBB /* LaunchScreen.storyboard in Resources */ = {isa = PBXBuildFile; fileRef = 956B57552043D8A600024CBB /* LaunchScreen.storyboard */; };
		956B57602043D8C800024CBB /* CustomTVC.swift in Sources */ = {isa = PBXBuildFile; fileRef = 956B575E2043D8C800024CBB /* CustomTVC.swift */; };
		956B57612043D8C800024CBB /* CustomTVC.xib in Resources */ = {isa = PBXBuildFile; fileRef = 956B575F2043D8C800024CBB /* CustomTVC.xib */; };
		956B57632043DA4A00024CBB /* WebserviesHandler.swift in Sources */ = {isa = PBXBuildFile; fileRef = 956B57622043DA4A00024CBB /* WebserviesHandler.swift */; };
		956B57652043DAC600024CBB /* Utilities.swift in Sources */ = {isa = PBXBuildFile; fileRef = 956B57642043DAC600024CBB /* Utilities.swift */; };
		956B57672043DAD700024CBB /* Model.swift in Sources */ = {isa = PBXBuildFile; fileRef = 956B57662043DAD700024CBB /* Model.swift */; };
/* End PBXBuildFile section */

/* Begin PBXFileReference section */
		956B57492043D8A600024CBB /* MVC(Model-View-Controller).app */ = {isa = PBXFileReference; explicitFileType = wrapper.application; includeInIndex = 0; path = "MVC(Model-View-Controller).app"; sourceTree = BUILT_PRODUCTS_DIR; };
		956B574C2043D8A600024CBB /* AppDelegate.swift */ = {isa = PBXFileReference; lastKnownFileType = sourcecode.swift; path = AppDelegate.swift; sourceTree = "<group>"; };
		956B574E2043D8A600024CBB /* ViewController.swift */ = {isa = PBXFileReference; lastKnownFileType = sourcecode.swift; path = ViewController.swift; sourceTree = "<group>"; };
		956B57512043D8A600024CBB /* Base */ = {isa = PBXFileReference; lastKnownFileType = file.storyboard; name = Base; path = Base.lproj/Main.storyboard; sourceTree = "<group>"; };
		956B57532043D8A600024CBB /* Assets.xcassets */ = {isa = PBXFileReference; lastKnownFileType = folder.assetcatalog; path = Assets.xcassets; sourceTree = "<group>"; };
		956B57562043D8A600024CBB /* Base */ = {isa = PBXFileReference; lastKnownFileType = file.storyboard; name = Base; path = Base.lproj/LaunchScreen.storyboard; sourceTree = "<group>"; };
		956B57582043D8A600024CBB /* Info.plist */ = {isa = PBXFileReference; lastKnownFileType = text.plist.xml; path = Info.plist; sourceTree = "<group>"; };
		956B575E2043D8C800024CBB /* CustomTVC.swift */ = {isa = PBXFileReference; lastKnownFileType = sourcecode.swift; path = CustomTVC.swift; sourceTree = "<group>"; };
		956B575F2043D8C800024CBB /* CustomTVC.xib */ = {isa = PBXFileReference; lastKnownFileType = file.xib; path = CustomTVC.xib; sourceTree = "<group>"; };
		956B57622043DA4A00024CBB /* WebserviesHandler.swift */ = {isa = PBXFileReference; lastKnownFileType = sourcecode.swift; path = WebserviesHandler.swift; sourceTree = "<group>"; };
		956B57642043DAC600024CBB /* Utilities.swift */ = {isa = PBXFileReference; lastKnownFileType = sourcecode.swift; path = Utilities.swift; sourceTree = "<group>"; };
		956B57662043DAD700024CBB /* Model.swift */ = {isa = PBXFileReference; lastKnownFileType = sourcecode.swift; path = Model.swift; sourceTree = "<group>"; };
/* End PBXFileReference section */

/* Begin PBXFrameworksBuildPhase section */
		956B57462043D8A600024CBB /* Frameworks */ = {
			isa = PBXFrameworksBuildPhase;
			buildActionMask = 2147483647;
			files = (
			);
			runOnlyForDeploymentPostprocessing = 0;
		};
/* End PBXFrameworksBuildPhase section */

/* Begin PBXGroup section */
		956B57402043D8A600024CBB = {
			isa = PBXGroup;
			children = (
				956B574B2043D8A600024CBB /* MVC(Model-View-Controller) */,
				956B574A2043D8A600024CBB /* Products */,
			);
			sourceTree = "<group>";
		};
		956B574A2043D8A600024CBB /* Products */ = {
			isa = PBXGroup;
			children = (
				956B57492043D8A600024CBB /* MVC(Model-View-Controller).app */,
			);
			name = Products;
			sourceTree = "<group>";
		};
		956B574B2043D8A600024CBB /* MVC(Model-View-Controller) */ = {
			isa = PBXGroup;
			children = (
				956B574C2043D8A600024CBB /* AppDelegate.swift */,
				956B574E2043D8A600024CBB /* ViewController.swift */,
				956B57622043DA4A00024CBB /* WebserviesHandler.swift */,
				956B575E2043D8C800024CBB /* CustomTVC.swift */,
				956B57662043DAD700024CBB /* Model.swift */,
				956B575F2043D8C800024CBB /* CustomTVC.xib */,
				956B57642043DAC600024CBB /* Utilities.swift */,
				956B57502043D8A600024CBB /* Main.storyboard */,
				956B57532043D8A600024CBB /* Assets.xcassets */,
				956B57552043D8A600024CBB /* LaunchScreen.storyboard */,
				956B57582043D8A600024CBB /* Info.plist */,
			);
			path = "MVC(Model-View-Controller)";
			sourceTree = "<group>";
		};
/* End PBXGroup section */

/* Begin PBXNativeTarget section */
		956B57482043D8A600024CBB /* MVC(Model-View-Controller) */ = {
			isa = PBXNativeTarget;
			buildConfigurationList = 956B575B2043D8A600024CBB /* Build configuration list for PBXNativeTarget "MVC(Model-View-Controller)" */;
			buildPhases = (
				956B57452043D8A600024CBB /* Sources */,
				956B57462043D8A600024CBB /* Frameworks */,
				956B57472043D8A600024CBB /* Resources */,
			);
			buildRules = (
			);
			dependencies = (
			);
			name = "MVC(Model-View-Controller)";
			productName = "MVC(Model-View-Controller)";
			productReference = 956B57492043D8A600024CBB /* MVC(Model-View-Controller).app */;
			productType = "com.apple.product-type.application";
		};
/* End PBXNativeTarget section */

/* Begin PBXProject section */
		956B57412043D8A600024CBB /* Project object */ = {
			isa = PBXProject;
			attributes = {
				LastSwiftUpdateCheck = 0920;
				LastUpgradeCheck = 0920;
				ORGANIZATIONNAME = XeperTechnologies;
				TargetAttributes = {
					956B57482043D8A600024CBB = {
						CreatedOnToolsVersion = 9.2;
						ProvisioningStyle = Automatic;
					};
				};
			};
			buildConfigurationList = 956B57442043D8A600024CBB /* Build configuration list for PBXProject "MVC(Model-View-Controller)" */;
			compatibilityVersion = "Xcode 8.0";
			developmentRegion = en;
			hasScannedForEncodings = 0;
			knownRegions = (
				en,
				Base,
			);
			mainGroup = 956B57402043D8A600024CBB;
			productRefGroup = 956B574A2043D8A600024CBB /* Products */;
			projectDirPath = "";
			projectRoot = "";
			targets = (
				956B57482043D8A600024CBB /* MVC(Model-View-Controller) */,
			);
		};
/* End PBXProject section */

/* Begin PBXResourcesBuildPhase section */
		956B57472043D8A600024CBB /* Resources */ = {
			isa = PBXResourcesBuildPhase;
			buildActionMask = 2147483647;
			files = (
				956B57572043D8A600024CBB /* LaunchScreen.storyboard in Resources */,
				956B57542043D8A600024CBB /* Assets.xcassets in Resources */,
				956B57612043D8C800024CBB /* CustomTVC.xib in Resources */,
				956B57522043D8A600024CBB /* Main.storyboard in Resources */,
			);
			runOnlyForDeploymentPostprocessing = 0;
		};
/* End PBXResourcesBuildPhase section */

/* Begin PBXSourcesBuildPhase section */
		956B57452043D8A600024CBB /* Sources */ = {
			isa = PBXSourcesBuildPhase;
			buildActionMask = 2147483647;
			files = (
				956B574F2043D8A600024CBB /* ViewController.swift in Sources */,
				956B574D2043D8A600024CBB /* AppDelegate.swift in Sources */,
				956B57602043D8C800024CBB /* CustomTVC.swift in Sources */,
				956B57672043DAD700024CBB /* Model.swift in Sources */,
				956B57652043DAC600024CBB /* Utilities.swift in Sources */,
				956B57632043DA4A00024CBB /* WebserviesHandler.swift in Sources */,
			);
			runOnlyForDeploymentPostprocessing = 0;
		};
/* End PBXSourcesBuildPhase section */

/* Begin PBXVariantGroup section */
		956B57502043D8A600024CBB /* Main.storyboard */ = {
			isa = PBXVariantGroup;
			children = (
				956B57512043D8A600024CBB /* Base */,
			);
			name = Main.storyboard;
			sourceTree = "<group>";
		};
		956B57552043D8A600024CBB /* LaunchScreen.storyboard */ = {
			isa = PBXVariantGroup;
			children = (
				956B57562043D8A600024CBB /* Base */,
			);
			name = LaunchScreen.storyboard;
			sourceTree = "<group>";
		};
/* End PBXVariantGroup section */

/* Begin XCBuildConfiguration section */
		956B57592043D8A600024CBB /* Debug */ = {
			isa = XCBuildConfiguration;
			buildSettings = {
				ALWAYS_SEARCH_USER_PATHS = NO;
				CLANG_ANALYZER_NONNULL = YES;
				CLANG_ANALYZER_NUMBER_OBJECT_CONVERSION = YES_AGGRESSIVE;
				CLANG_CXX_LANGUAGE_STANDARD = "gnu++14";
				CLANG_CXX_LIBRARY = "libc++";
				CLANG_ENABLE_MODULES = YES;
				CLANG_ENABLE_OBJC_ARC = YES;
				CLANG_WARN_BLOCK_CAPTURE_AUTORELEASING = YES;
				CLANG_WARN_BOOL_CONVERSION = YES;
				CLANG_WARN_COMMA = YES;
				CLANG_WARN_CONSTANT_CONVERSION = YES;
				CLANG_WARN_DIRECT_OBJC_ISA_USAGE = YES_ERROR;
				CLANG_WARN_DOCUMENTATION_COMMENTS = YES;
				CLANG_WARN_EMPTY_BODY = YES;
				CLANG_WARN_ENUM_CONVERSION = YES;
				CLANG_WARN_INFINITE_RECURSION = YES;
				CLANG_WARN_INT_CONVERSION = YES;
				CLANG_WARN_NON_LITERAL_NULL_CONVERSION = YES;
				CLANG_WARN_OBJC_LITERAL_CONVERSION = YES;
				CLANG_WARN_OBJC_ROOT_CLASS = YES_ERROR;
				CLANG_WARN_RANGE_LOOP_ANALYSIS = YES;
				CLANG_WARN_STRICT_PROTOTYPES = YES;
				CLANG_WARN_SUSPICIOUS_MOVE = YES;
				CLANG_WARN_UNGUARDED_AVAILABILITY = YES_AGGRESSIVE;
				CLANG_WARN_UNREACHABLE_CODE = YES;
				CLANG_WARN__DUPLICATE_METHOD_MATCH = YES;
				CODE_SIGN_IDENTITY = "iPhone Developer";
				COPY_PHASE_STRIP = NO;
				DEBUG_INFORMATION_FORMAT = dwarf;
				ENABLE_STRICT_OBJC_MSGSEND = YES;
				ENABLE_TESTABILITY = YES;
				GCC_C_LANGUAGE_STANDARD = gnu11;
				GCC_DYNAMIC_NO_PIC = NO;
				GCC_NO_COMMON_BLOCKS = YES;
				GCC_OPTIMIZATION_LEVEL = 0;
				GCC_PREPROCESSOR_DEFINITIONS = (
					"DEBUG=1",
					"$(inherited)",
				);
				GCC_WARN_64_TO_32_BIT_CONVERSION = YES;
				GCC_WARN_ABOUT_RETURN_TYPE = YES_ERROR;
				GCC_WARN_UNDECLARED_SELECTOR = YES;
				GCC_WARN_UNINITIALIZED_AUTOS = YES_AGGRESSIVE;
				GCC_WARN_UNUSED_FUNCTION = YES;
				GCC_WARN_UNUSED_VARIABLE = YES;
				IPHONEOS_DEPLOYMENT_TARGET = 11.2;
				MTL_ENABLE_DEBUG_INFO = YES;
				ONLY_ACTIVE_ARCH = YES;
				SDKROOT = iphoneos;
				SWIFT_ACTIVE_COMPILATION_CONDITIONS = DEBUG;
				SWIFT_OPTIMIZATION_LEVEL = "-Onone";
			};
			name = Debug;
		};
		956B575A2043D8A600024CBB /* Release */ = {
			isa = XCBuildConfiguration;
			buildSettings = {
				ALWAYS_SEARCH_USER_PATHS = NO;
				CLANG_ANALYZER_NONNULL = YES;
				CLANG_ANALYZER_NUMBER_OBJECT_CONVERSION = YES_AGGRESSIVE;
				CLANG_CXX_LANGUAGE_STANDARD = "gnu++14";
				CLANG_CXX_LIBRARY = "libc++";
				CLANG_ENABLE_MODULES = YES;
				CLANG_ENABLE_OBJC_ARC = YES;
				CLANG_WARN_BLOCK_CAPTURE_AUTORELEASING = YES;
				CLANG_WARN_BOOL_CONVERSION = YES;
				CLANG_WARN_COMMA = YES;
				CLANG_WARN_CONSTANT_CONVERSION = YES;
				CLANG_WARN_DIRECT_OBJC_ISA_USAGE = YES_ERROR;
				CLANG_WARN_DOCUMENTATION_COMMENTS = YES;
				CLANG_WARN_EMPTY_BODY = YES;
				CLANG_WARN_ENUM_CONVERSION = YES;
				CLANG_WARN_INFINITE_RECURSION = YES;
				CLANG_WARN_INT_CONVERSION = YES;
				CLANG_WARN_NON_LITERAL_NULL_CONVERSION = YES;
				CLANG_WARN_OBJC_LITERAL_CONVERSION = YES;
				CLANG_WARN_OBJC_ROOT_CLASS = YES_ERROR;
				CLANG_WARN_RANGE_LOOP_ANALYSIS = YES;
				CLANG_WARN_STRICT_PROTOTYPES = YES;
				CLANG_WARN_SUSPICIOUS_MOVE = YES;
				CLANG_WARN_UNGUARDED_AVAILABILITY = YES_AGGRESSIVE;
				CLANG_WARN_UNREACHABLE_CODE = YES;
				CLANG_WARN__DUPLICATE_METHOD_MATCH = YES;
				CODE_SIGN_IDENTITY = "iPhone Developer";
				COPY_PHASE_STRIP = NO;
				DEBUG_INFORMATION_FORMAT = "dwarf-with-dsym";
				ENABLE_NS_ASSERTIONS = NO;
				ENABLE_STRICT_OBJC_MSGSEND = YES;
				GCC_C_LANGUAGE_STANDARD = gnu11;
				GCC_NO_COMMON_BLOCKS = YES;
				GCC_WARN_64_TO_32_BIT_CONVERSION = YES;
				GCC_WARN_ABOUT_RETURN_TYPE = YES_ERROR;
				GCC_WARN_UNDECLARED_SELECTOR = YES;
				GCC_WARN_UNINITIALIZED_AUTOS = YES_AGGRESSIVE;
				GCC_WARN_UNUSED_FUNCTION = YES;
				GCC_WARN_UNUSED_VARIABLE = YES;
				IPHONEOS_DEPLOYMENT_TARGET = 11.2;
				MTL_ENABLE_DEBUG_INFO = NO;
				SDKROOT = iphoneos;
				SWIFT_OPTIMIZATION_LEVEL = "-Owholemodule";
				VALIDATE_PRODUCT = YES;
			};
			name = Release;
		};
		956B575C2043D8A600024CBB /* Debug */ = {
			isa = XCBuildConfiguration;
			buildSettings = {
				ASSETCATALOG_COMPILER_APPICON_NAME = AppIcon;
				CODE_SIGN_STYLE = Automatic;
				INFOPLIST_FILE = "MVC(Model-View-Controller)/Info.plist";
				LD_RUNPATH_SEARCH_PATHS = "$(inherited) @executable_path/Frameworks";
				PRODUCT_BUNDLE_IDENTIFIER = "vera.MVC-Model-View-Controller-";
				PRODUCT_NAME = "$(TARGET_NAME)";
				SWIFT_VERSION = 4.0;
				TARGETED_DEVICE_FAMILY = "1,2";
			};
			name = Debug;
		};
		956B575D2043D8A600024CBB /* Release */ = {
			isa = XCBuildConfiguration;
			buildSettings = {
				ASSETCATALOG_COMPILER_APPICON_NAME = AppIcon;
				CODE_SIGN_STYLE = Automatic;
				INFOPLIST_FILE = "MVC(Model-View-Controller)/Info.plist";
				LD_RUNPATH_SEARCH_PATHS = "$(inherited) @executable_path/Frameworks";
				PRODUCT_BUNDLE_IDENTIFIER = "vera.MVC-Model-View-Controller-";
				PRODUCT_NAME = "$(TARGET_NAME)";
				SWIFT_VERSION = 4.0;
				TARGETED_DEVICE_FAMILY = "1,2";
			};
			name = Release;
		};
/* End XCBuildConfiguration section */

/* Begin XCConfigurationList section */
		956B57442043D8A600024CBB /* Build configuration list for PBXProject "MVC(Model-View-Controller)" */ = {
			isa = XCConfigurationList;
			buildConfigurations = (
				956B57592043D8A600024CBB /* Debug */,
				956B575A2043D8A600024CBB /* Release */,
			);
			defaultConfigurationIsVisible = 0;
			defaultConfigurationName = Release;
		};
		956B575B2043D8A600024CBB /* Build configuration list for PBXNativeTarget "MVC(Model-View-Controller)" */ = {
			isa = XCConfigurationList;
			buildConfigurations = (
				956B575C2043D8A600024CBB /* Debug */,
				956B575D2043D8A600024CBB /* Release */,
			);
			defaultConfigurationIsVisible = 0;
			defaultConfigurationName = Release;
		};
/* End XCConfigurationList section */
	};
	rootObject = 956B57412043D8A600024CBB /* Project object */;
}
